# Docker Port Allocation Lock File
# This file locks in the specific ports for this project's test infrastructure
# Generated by: python tests/utils/setup_local_docker.py

PROJECT_NAME=new_project_template
PROJECT_HASH=123  # This will be calculated based on project name
BASE_PORT=6230    # Example: 5000 + (123 * 10)

# Service Port Allocations
POSTGRES_PORT=6230
REDIS_PORT=6231
OLLAMA_PORT=6232
MYSQL_PORT=6233
MONGODB_PORT=6234

# Docker Network
NETWORK_NAME=new_project_template_test_network

# Container Names
POSTGRES_CONTAINER=new_project_template_test_postgres
REDIS_CONTAINER=new_project_template_test_redis
OLLAMA_CONTAINER=new_project_template_test_ollama
MYSQL_CONTAINER=new_project_template_test_mysql
MONGODB_CONTAINER=new_project_template_test_mongodb

# Volume Names
POSTGRES_VOLUME=new_project_template_postgres_data
REDIS_VOLUME=new_project_template_redis_data
OLLAMA_VOLUME=new_project_template_ollama_models
MYSQL_VOLUME=new_project_template_mysql_data
MONGODB_VOLUME=new_project_template_mongodb_data

# ⚠️  DO NOT EDIT THIS FILE MANUALLY
# To change ports, use: python tests/utils/setup_local_docker.py --custom-base-port <PORT>